
Microsoft Visual Studio Solution File, Format Version 12.00
# Visual Studio Version 17
VisualStudioVersion = 17.6.33829.357
MinimumVisualStudioVersion = 10.0.40219.1
Project("{F2A71F9B-5D33-465A-A702-920D77279786}") = "FameOfLife", "FameOfLife\FameOfLife.fsproj", "{66D2440C-B6AE-400F-BD9D-D6F7CB250643}"
EndProject
Global
	GlobalSection(SolutionConfigurationPlatforms) = preSolution
		Debug|Any CPU = Debug|Any CPU
		Release|Any CPU = Release|Any CPU
	EndGlobalSection
	GlobalSection(ProjectConfigurationPlatforms) = postSolution
		{66D2440C-B6AE-400F-BD9D-D6F7CB250643}.Debug|Any CPU.ActiveCfg = Debug|Any CPU
		{66D2440C-B6AE-400F-BD9D-D6F7CB250643}.Debug|Any CPU.Build.0 = Debug|Any CPU
		{66D2440C-B6AE-400F-BD9D-D6F7CB250643}.Release|Any CPU.ActiveCfg = Release|Any CPU
		{66D2440C-B6AE-400F-BD9D-D6F7CB250643}.Release|Any CPU.Build.0 = Release|Any CPU
	EndGlobalSection
	GlobalSection(SolutionProperties) = preSolution
		HideSolutionNode = FALSE
	EndGlobalSection
	GlobalSection(ExtensibilityGlobals) = postSolution
		SolutionGuid = {A061BFF2-A2E1-466B-A40A-2CC9B3008A26}
	EndGlobalSection
EndGlobal
